Microsoft Visual Studio Solution File, Format Version 12.00
# Visual Studio 2012
Project("{FAE04EC0-301F-11D3-BF4B-00C04F79EFBC}") = "Ordonez-Sabastian-A5-BossFight", "Ordonez-Sabastian-A5-BossFight.csproj", "{3ECDC487-2614-4718-9C5A-B3A024F1F224}"
EndProject
Global
	GlobalSection(SolutionConfigurationPlatforms) = preSolution
	Debug|Any CPU = Debug|Any CPU
	ExportDebug|Any CPU = ExportDebug|Any CPU
	ExportRelease|Any CPU = ExportRelease|Any CPU
	EndGlobalSection
	GlobalSection(ProjectConfigurationPlatforms) = postSolution
		{3ECDC487-2614-4718-9C5A-B3A024F1F224}.Debug|Any CPU.ActiveCfg = Debug|Any CPU
		{3ECDC487-2614-4718-9C5A-B3A024F1F224}.Debug|Any CPU.Build.0 = Debug|Any CPU
		{3ECDC487-2614-4718-9C5A-B3A024F1F224}.ExportDebug|Any CPU.ActiveCfg = ExportDebug|Any CPU
		{3ECDC487-2614-4718-9C5A-B3A024F1F224}.ExportDebug|Any CPU.Build.0 = ExportDebug|Any CPU
		{3ECDC487-2614-4718-9C5A-B3A024F1F224}.ExportRelease|Any CPU.ActiveCfg = ExportRelease|Any CPU
		{3ECDC487-2614-4718-9C5A-B3A024F1F224}.ExportRelease|Any CPU.Build.0 = ExportRelease|Any CPU
	EndGlobalSection
EndGlobal
